
Microsoft Visual Studio Solution File, Format Version 12.00
# Visual Studio Version 16
VisualStudioVersion = 16.0.32901.82
MinimumVisualStudioVersion = 10.0.40219.1
Project("{FAE04EC0-301F-11D3-BF4B-00C04F79EFBC}") = "WebAPI", "WebAPI\WebAPI.csproj", "{6CD5D43B-5BE9-4276-9A36-FDA9ADC06652}"
EndProject
Global
	GlobalSection(SolutionConfigurationPlatforms) = preSolution
		Debug|Any CPU = Debug|Any CPU
		Release|Any CPU = Release|Any CPU
	EndGlobalSection
	GlobalSection(ProjectConfigurationPlatforms) = postSolution
		{6CD5D43B-5BE9-4276-9A36-FDA9ADC06652}.Debug|Any CPU.ActiveCfg = Debug|Any CPU
		{6CD5D43B-5BE9-4276-9A36-FDA9ADC06652}.Debug|Any CPU.Build.0 = Debug|Any CPU
		{6CD5D43B-5BE9-4276-9A36-FDA9ADC06652}.Release|Any CPU.ActiveCfg = Release|Any CPU
		{6CD5D43B-5BE9-4276-9A36-FDA9ADC06652}.Release|Any CPU.Build.0 = Release|Any CPU
	EndGlobalSection
	GlobalSection(SolutionProperties) = preSolution
		HideSolutionNode = FALSE
	EndGlobalSection
	GlobalSection(ExtensibilityGlobals) = postSolution
		SolutionGuid = {DA8EFCD2-0CDB-4D7C-801A-A77E5EB05D5E}
	EndGlobalSection
EndGlobal
